
Microsoft Visual Studio Solution File, Format Version 12.00
# Visual Studio Version 16
VisualStudioVersion = 16.0.30330.147
MinimumVisualStudioVersion = 10.0.40219.1
Project("{FAE04EC0-301F-11D3-BF4B-00C04F79EFBC}") = "ConsoleGame", "ConsoleGame\ConsoleGame.csproj", "{6F22E6AC-1B69-4B9A-B528-DB93F6718CE0}"
EndProject
Global
	GlobalSection(SolutionConfigurationPlatforms) = preSolution
		Debug|Any CPU = Debug|Any CPU
		Release|Any CPU = Release|Any CPU
	EndGlobalSection
	GlobalSection(ProjectConfigurationPlatforms) = postSolution
		{6F22E6AC-1B69-4B9A-B528-DB93F6718CE0}.Debug|Any CPU.ActiveCfg = Debug|Any CPU
		{6F22E6AC-1B69-4B9A-B528-DB93F6718CE0}.Debug|Any CPU.Build.0 = Debug|Any CPU
		{6F22E6AC-1B69-4B9A-B528-DB93F6718CE0}.Release|Any CPU.ActiveCfg = Release|Any CPU
		{6F22E6AC-1B69-4B9A-B528-DB93F6718CE0}.Release|Any CPU.Build.0 = Release|Any CPU
	EndGlobalSection
	GlobalSection(SolutionProperties) = preSolution
		HideSolutionNode = FALSE
	EndGlobalSection
	GlobalSection(ExtensibilityGlobals) = postSolution
		SolutionGuid = {79AA0122-4446-4A82-B5B4-F642A17C3DD8}
	EndGlobalSection
EndGlobal
